// !$*UTF8*$!
{
	archiveVersion = 1;
	classes = {
	};
	objectVersion = 50;
	objects = {

/* Begin PBXBuildFile section */
		4386DE9C24DB369A00AF4679 /* AppDelegate.swift in Sources */ = {isa = PBXBuildFile; fileRef = 4386DE9B24DB369A00AF4679 /* AppDelegate.swift */; };
		4386DE9E24DB369A00AF4679 /* SceneDelegate.swift in Sources */ = {isa = PBXBuildFile; fileRef = 4386DE9D24DB369A00AF4679 /* SceneDelegate.swift */; };
		4386DEA024DB369A00AF4679 /* ViewController.swift in Sources */ = {isa = PBXBuildFile; fileRef = 4386DE9F24DB369A00AF4679 /* ViewController.swift */; };
		4386DEA324DB369A00AF4679 /* Main.storyboard in Resources */ = {isa = PBXBuildFile; fileRef = 4386DEA124DB369A00AF4679 /* Main.storyboard */; };
		4386DEA524DB369B00AF4679 /* Assets.xcassets in Resources */ = {isa = PBXBuildFile; fileRef = 4386DEA424DB369B00AF4679 /* Assets.xcassets */; };
		4386DEA824DB369B00AF4679 /* LaunchScreen.storyboard in Resources */ = {isa = PBXBuildFile; fileRef = 4386DEA624DB369B00AF4679 /* LaunchScreen.storyboard */; };
/* End PBXBuildFile section */

/* Begin PBXFileReference section */
		4386DE9824DB369A00AF4679 /* Arcadia Pie.app */ = {isa = PBXFileReference; explicitFileType = wrapper.application; includeInIndex = 0; path = "Arcadia Pie.app"; sourceTree = BUILT_PRODUCTS_DIR; };
		4386DE9B24DB369A00AF4679 /* AppDelegate.swift */ = {isa = PBXFileReference; lastKnownFileType = sourcecode.swift; path = AppDelegate.swift; sourceTree = "<group>"; };
		4386DE9D24DB369A00AF4679 /* SceneDelegate.swift */ = {isa = PBXFileReference; lastKnownFileType = sourcecode.swift; path = SceneDelegate.swift; sourceTree = "<group>"; };
		4386DE9F24DB369A00AF4679 /* ViewController.swift */ = {isa = PBXFileReference; lastKnownFileType = sourcecode.swift; path = ViewController.swift; sourceTree = "<group>"; };
		4386DEA224DB369A00AF4679 /* Base */ = {isa = PBXFileReference; lastKnownFileType = file.storyboard; name = Base; path = Base.lproj/Main.storyboard; sourceTree = "<group>"; };
		4386DEA424DB369B00AF4679 /* Assets.xcassets */ = {isa = PBXFileReference; lastKnownFileType = folder.assetcatalog; path = Assets.xcassets; sourceTree = "<group>"; };
		4386DEA724DB369B00AF4679 /* Base */ = {isa = PBXFileReference; lastKnownFileType = file.storyboard; name = Base; path = Base.lproj/LaunchScreen.storyboard; sourceTree = "<group>"; };
		4386DEA924DB369B00AF4679 /* Info.plist */ = {isa = PBXFileReference; lastKnownFileType = text.plist.xml; path = Info.plist; sourceTree = "<group>"; };
/* End PBXFileReference section */

/* Begin PBXFrameworksBuildPhase section */
		4386DE9524DB369A00AF4679 /* Frameworks */ = {
			isa = PBXFrameworksBuildPhase;
			buildActionMask = 2147483647;
			files = (
			);
			runOnlyForDeploymentPostprocessing = 0;
		};
/* End PBXFrameworksBuildPhase section */

/* Begin PBXGroup section */
		4386DE8F24DB369A00AF4679 = {
			isa = PBXGroup;
			children = (
				4386DE9A24DB369A00AF4679 /* Arcadia Pie */,
				4386DE9924DB369A00AF4679 /* Products */,
			);
			sourceTree = "<group>";
		};
		4386DE9924DB369A00AF4679 /* Products */ = {
			isa = PBXGroup;
			children = (
				4386DE9824DB369A00AF4679 /* Arcadia Pie.app */,
			);
			name = Products;
			sourceTree = "<group>";
		};
		4386DE9A24DB369A00AF4679 /* Arcadia Pie */ = {
			isa = PBXGroup;
			children = (
				4386DE9B24DB369A00AF4679 /* AppDelegate.swift */,
				4386DE9D24DB369A00AF4679 /* SceneDelegate.swift */,
				4386DE9F24DB369A00AF4679 /* ViewController.swift */,
				4386DEA124DB369A00AF4679 /* Main.storyboard */,
				4386DEA424DB369B00AF4679 /* Assets.xcassets */,
				4386DEA624DB369B00AF4679 /* LaunchScreen.storyboard */,
				4386DEA924DB369B00AF4679 /* Info.plist */,
			);
			path = "Arcadia Pie";
			sourceTree = "<group>";
		};
/* End PBXGroup section */

/* Begin PBXNativeTarget section */
		4386DE9724DB369A00AF4679 /* Arcadia Pie */ = {
			isa = PBXNativeTarget;
			buildConfigurationList = 4386DEAC24DB369B00AF4679 /* Build configuration list for PBXNativeTarget "Arcadia Pie" */;
			buildPhases = (
				4386DE9424DB369A00AF4679 /* Sources */,
				4386DE9524DB369A00AF4679 /* Frameworks */,
				4386DE9624DB369A00AF4679 /* Resources */,
			);
			buildRules = (
			);
			dependencies = (
			);
			name = "Arcadia Pie";
			productName = "Arcadia Pie";
			productReference = 4386DE9824DB369A00AF4679 /* Arcadia Pie.app */;
			productType = "com.apple.product-type.application";
		};
/* End PBXNativeTarget section */

/* Begin PBXProject section */
		4386DE9024DB369A00AF4679 /* Project object */ = {
			isa = PBXProject;
			attributes = {
				LastSwiftUpdateCheck = 1160;
				LastUpgradeCheck = 1160;
				ORGANIZATIONNAME = Wiwy;
				TargetAttributes = {
					4386DE9724DB369A00AF4679 = {
						CreatedOnToolsVersion = 11.6;
					};
				};
			};
			buildConfigurationList = 4386DE9324DB369A00AF4679 /* Build configuration list for PBXProject "Arcadia Pie" */;
			compatibilityVersion = "Xcode 9.3";
			developmentRegion = en;
			hasScannedForEncodings = 0;
			knownRegions = (
				en,
				Base,
			);
			mainGroup = 4386DE8F24DB369A00AF4679;
			productRefGroup = 4386DE9924DB369A00AF4679 /* Products */;
			projectDirPath = "";
			projectRoot = "";
			targets = (
				4386DE9724DB369A00AF4679 /* Arcadia Pie */,
			);
		};
/* End PBXProject section */

/* Begin PBXResourcesBuildPhase section */
		4386DE9624DB369A00AF4679 /* Resources */ = {
			isa = PBXResourcesBuildPhase;
			buildActionMask = 2147483647;
			files = (
				4386DEA824DB369B00AF4679 /* LaunchScreen.storyboard in Resources */,
				4386DEA524DB369B00AF4679 /* Assets.xcassets in Resources */,
				4386DEA324DB369A00AF4679 /* Main.storyboard in Resources */,
			);
			runOnlyForDeploymentPostprocessing = 0;
		};
/* End PBXResourcesBuildPhase section */

/* Begin PBXSourcesBuildPhase section */
		4386DE9424DB369A00AF4679 /* Sources */ = {
			isa = PBXSourcesBuildPhase;
			buildActionMask = 2147483647;
			files = (
				4386DEA024DB369A00AF4679 /* ViewController.swift in Sources */,
				4386DE9C24DB369A00AF4679 /* AppDelegate.swift in Sources */,
				4386DE9E24DB369A00AF4679 /* SceneDelegate.swift in Sources */,
			);
			runOnlyForDeploymentPostprocessing = 0;
		};
/* End PBXSourcesBuildPhase section */

/* Begin PBXVariantGroup section */
		4386DEA124DB369A00AF4679 /* Main.storyboard */ = {
			isa = PBXVariantGroup;
			children = (
				4386DEA224DB369A00AF4679 /* Base */,
			);
			name = Main.storyboard;
			sourceTree = "<group>";
		};
		4386DEA624DB369B00AF4679 /* LaunchScreen.storyboard */ = {
			isa = PBXVariantGroup;
			children = (
				4386DEA724DB369B00AF4679 /* Base */,
			);
			name = LaunchScreen.storyboard;
			sourceTree = "<group>";
		};
/* End PBXVariantGroup section */

/* Begin XCBuildConfiguration section */
		4386DEAA24DB369B00AF4679 /* Debug */ = {
			isa = XCBuildConfiguration;
			buildSettings = {
				ALWAYS_SEARCH_USER_PATHS = NO;
				CLANG_ANALYZER_NONNULL = YES;
				CLANG_ANALYZER_NUMBER_OBJECT_CONVERSION = YES_AGGRESSIVE;
				CLANG_CXX_LANGUAGE_STANDARD = "gnu++14";
				CLANG_CXX_LIBRARY = "libc++";
				CLANG_ENABLE_MODULES = YES;
				CLANG_ENABLE_OBJC_ARC = YES;
				CLANG_ENABLE_OBJC_WEAK = YES;
				CLANG_WARN_BLOCK_CAPTURE_AUTORELEASING = YES;
				CLANG_WARN_BOOL_CONVERSION = YES;
				CLANG_WARN_COMMA = YES;
				CLANG_WARN_CONSTANT_CONVERSION = YES;
				CLANG_WARN_DEPRECATED_OBJC_IMPLEMENTATIONS = YES;
				CLANG_WARN_DIRECT_OBJC_ISA_USAGE = YES_ERROR;
				CLANG_WARN_DOCUMENTATION_COMMENTS = YES;
				CLANG_WARN_EMPTY_BODY = YES;
				CLANG_WARN_ENUM_CONVERSION = YES;
				CLANG_WARN_INFINITE_RECURSION = YES;
				CLANG_WARN_INT_CONVERSION = YES;
				CLANG_WARN_NON_LITERAL_NULL_CONVERSION = YES;
				CLANG_WARN_OBJC_IMPLICIT_RETAIN_SELF = YES;
				CLANG_WARN_OBJC_LITERAL_CONVERSION = YES;
				CLANG_WARN_OBJC_ROOT_CLASS = YES_ERROR;
				CLANG_WARN_RANGE_LOOP_ANALYSIS = YES;
				CLANG_WARN_STRICT_PROTOTYPES = YES;
				CLANG_WARN_SUSPICIOUS_MOVE = YES;
				CLANG_WARN_UNGUARDED_AVAILABILITY = YES_AGGRESSIVE;
				CLANG_WARN_UNREACHABLE_CODE = YES;
				CLANG_WARN__DUPLICATE_METHOD_MATCH = YES;
				COPY_PHASE_STRIP = NO;
				DEBUG_INFORMATION_FORMAT = dwarf;
				ENABLE_STRICT_OBJC_MSGSEND = YES;
				ENABLE_TESTABILITY = YES;
				GCC_C_LANGUAGE_STANDARD = gnu11;
				GCC_DYNAMIC_NO_PIC = NO;
				GCC_NO_COMMON_BLOCKS = YES;
				GCC_OPTIMIZATION_LEVEL = 0;
				GCC_PREPROCESSOR_DEFINITIONS = (
					"DEBUG=1",
					"$(inherited)",
				);
				GCC_WARN_64_TO_32_BIT_CONVERSION = YES;
				GCC_WARN_ABOUT_RETURN_TYPE = YES_ERROR;
				GCC_WARN_UNDECLARED_SELECTOR = YES;
				GCC_WARN_UNINITIALIZED_AUTOS = YES_AGGRESSIVE;
				GCC_WARN_UNUSED_FUNCTION = YES;
				GCC_WARN_UNUSED_VARIABLE = YES;
				IPHONEOS_DEPLOYMENT_TARGET = 13.6;
				MTL_ENABLE_DEBUG_INFO = INCLUDE_SOURCE;
				MTL_FAST_MATH = YES;
				ONLY_ACTIVE_ARCH = YES;
				SDKROOT = iphoneos;
				SWIFT_ACTIVE_COMPILATION_CONDITIONS = DEBUG;
				SWIFT_OPTIMIZATION_LEVEL = "-Onone";
			};
			name = Debug;
		};
		4386DEAB24DB369B00AF4679 /* Release */ = {
			isa = XCBuildConfiguration;
			buildSettings = {
				ALWAYS_SEARCH_USER_PATHS = NO;
				CLANG_ANALYZER_NONNULL = YES;
				CLANG_ANALYZER_NUMBER_OBJECT_CONVERSION = YES_AGGRESSIVE;
				CLANG_CXX_LANGUAGE_STANDARD = "gnu++14";
				CLANG_CXX_LIBRARY = "libc++";
				CLANG_ENABLE_MODULES = YES;
				CLANG_ENABLE_OBJC_ARC = YES;
				CLANG_ENABLE_OBJC_WEAK = YES;
				CLANG_WARN_BLOCK_CAPTURE_AUTORELEASING = YES;
				CLANG_WARN_BOOL_CONVERSION = YES;
				CLANG_WARN_COMMA = YES;
				CLANG_WARN_CONSTANT_CONVERSION = YES;
				CLANG_WARN_DEPRECATED_OBJC_IMPLEMENTATIONS = YES;
				CLANG_WARN_DIRECT_OBJC_ISA_USAGE = YES_ERROR;
				CLANG_WARN_DOCUMENTATION_COMMENTS = YES;
				CLANG_WARN_EMPTY_BODY = YES;
				CLANG_WARN_ENUM_CONVERSION = YES;
				CLANG_WARN_INFINITE_RECURSION = YES;
				CLANG_WARN_INT_CONVERSION = YES;
				CLANG_WARN_NON_LITERAL_NULL_CONVERSION = YES;
				CLANG_WARN_OBJC_IMPLICIT_RETAIN_SELF = YES;
				CLANG_WARN_OBJC_LITERAL_CONVERSION = YES;
				CLANG_WARN_OBJC_ROOT_CLASS = YES_ERROR;
				CLANG_WARN_RANGE_LOOP_ANALYSIS = YES;
				CLANG_WARN_STRICT_PROTOTYPES = YES;
				CLANG_WARN_SUSPICIOUS_MOVE = YES;
				CLANG_WARN_UNGUARDED_AVAILABILITY = YES_AGGRESSIVE;
				CLANG_WARN_UNREACHABLE_CODE = YES;
				CLANG_WARN__DUPLICATE_METHOD_MATCH = YES;
				COPY_PHASE_STRIP = NO;
				DEBUG_INFORMATION_FORMAT = "dwarf-with-dsym";
				ENABLE_NS_ASSERTIONS = NO;
				ENABLE_STRICT_OBJC_MSGSEND = YES;
				GCC_C_LANGUAGE_STANDARD = gnu11;
				GCC_NO_COMMON_BLOCKS = YES;
				GCC_WARN_64_TO_32_BIT_CONVERSION = YES;
				GCC_WARN_ABOUT_RETURN_TYPE = YES_ERROR;
				GCC_WARN_UNDECLARED_SELECTOR = YES;
				GCC_WARN_UNINITIALIZED_AUTOS = YES_AGGRESSIVE;
				GCC_WARN_UNUSED_FUNCTION = YES;
				GCC_WARN_UNUSED_VARIABLE = YES;
				IPHONEOS_DEPLOYMENT_TARGET = 13.6;
				MTL_ENABLE_DEBUG_INFO = NO;
				MTL_FAST_MATH = YES;
				SDKROOT = iphoneos;
				SWIFT_COMPILATION_MODE = wholemodule;
				SWIFT_OPTIMIZATION_LEVEL = "-O";
				VALIDATE_PRODUCT = YES;
			};
			name = Release;
		};
		4386DEAD24DB369B00AF4679 /* Debug */ = {
			isa = XCBuildConfiguration;
			buildSettings = {
				ASSETCATALOG_COMPILER_APPICON_NAME = AppIcon;
				CODE_SIGN_STYLE = Automatic;
				DEVELOPMENT_TEAM = 9HG4N2873Z;
				INFOPLIST_FILE = "Arcadia Pie/Info.plist";
				LD_RUNPATH_SEARCH_PATHS = (
					"$(inherited)",
					"@executable_path/Frameworks",
				);
				PRODUCT_BUNDLE_IDENTIFIER = "com.wiwyC25.Arcadia-Pie";
				PRODUCT_NAME = "$(TARGET_NAME)";
				SWIFT_VERSION = 5.0;
				TARGETED_DEVICE_FAMILY = 1;
			};
			name = Debug;
		};
		4386DEAE24DB369B00AF4679 /* Release */ = {
			isa = XCBuildConfiguration;
			buildSettings = {
				ASSETCATALOG_COMPILER_APPICON_NAME = AppIcon;
				CODE_SIGN_STYLE = Automatic;
				DEVELOPMENT_TEAM = 9HG4N2873Z;
				INFOPLIST_FILE = "Arcadia Pie/Info.plist";
				LD_RUNPATH_SEARCH_PATHS = (
					"$(inherited)",
					"@executable_path/Frameworks",
				);
				PRODUCT_BUNDLE_IDENTIFIER = "com.wiwyC25.Arcadia-Pie";
				PRODUCT_NAME = "$(TARGET_NAME)";
				SWIFT_VERSION = 5.0;
				TARGETED_DEVICE_FAMILY = 1;
			};
			name = Release;
		};
/* End XCBuildConfiguration section */

/* Begin XCConfigurationList section */
		4386DE9324DB369A00AF4679 /* Build configuration list for PBXProject "Arcadia Pie" */ = {
			isa = XCConfigurationList;
			buildConfigurations = (
				4386DEAA24DB369B00AF4679 /* Debug */,
				4386DEAB24DB369B00AF4679 /* Release */,
			);
			defaultConfigurationIsVisible = 0;
			defaultConfigurationName = Release;
		};
		4386DEAC24DB369B00AF4679 /* Build configuration list for PBXNativeTarget "Arcadia Pie" */ = {
			isa = XCConfigurationList;
			buildConfigurations = (
				4386DEAD24DB369B00AF4679 /* Debug */,
				4386DEAE24DB369B00AF4679 /* Release */,
			);
			defaultConfigurationIsVisible = 0;
			defaultConfigurationName = Release;
		};
/* End XCConfigurationList section */
	};
	rootObject = 4386DE9024DB369A00AF4679 /* Project object */;
}
